// !$*UTF8*$!
{
	archiveVersion = 1;
	classes = {
	};
	objectVersion = 46;
	objects = {

/* Begin PBXBuildFile section */
		066070581E2668E00013BDEA /* AppDelegate.swift in Sources */ = {isa = PBXBuildFile; fileRef = 066070571E2668E00013BDEA /* AppDelegate.swift */; };
		0660705E1E2668E00013BDEA /* GameScene.swift in Sources */ = {isa = PBXBuildFile; fileRef = 0660705D1E2668E00013BDEA /* GameScene.swift */; };
		066070601E2668E00013BDEA /* GameViewController.swift in Sources */ = {isa = PBXBuildFile; fileRef = 0660705F1E2668E00013BDEA /* GameViewController.swift */; };
		066070631E2668E00013BDEA /* Main.storyboard in Resources */ = {isa = PBXBuildFile; fileRef = 066070611E2668E00013BDEA /* Main.storyboard */; };
		066070651E2668E00013BDEA /* Assets.xcassets in Resources */ = {isa = PBXBuildFile; fileRef = 066070641E2668E00013BDEA /* Assets.xcassets */; };
		066070681E2668E00013BDEA /* LaunchScreen.storyboard in Resources */ = {isa = PBXBuildFile; fileRef = 066070661E2668E00013BDEA /* LaunchScreen.storyboard */; };
		066070711E2670D60013BDEA /* Player.swift in Sources */ = {isa = PBXBuildFile; fileRef = 066070701E2670D60013BDEA /* Player.swift */; };
		066070751E26710B0013BDEA /* Block.swift in Sources */ = {isa = PBXBuildFile; fileRef = 066070741E26710B0013BDEA /* Block.swift */; };
		066070791E2672900013BDEA /* Enemy.swift in Sources */ = {isa = PBXBuildFile; fileRef = 066070781E2672900013BDEA /* Enemy.swift */; };
		0660707B1E2672B10013BDEA /* Monster.swift in Sources */ = {isa = PBXBuildFile; fileRef = 0660707A1E2672B10013BDEA /* Monster.swift */; };
		0660707D1E2677180013BDEA /* Object.swift in Sources */ = {isa = PBXBuildFile; fileRef = 0660707C1E2677180013BDEA /* Object.swift */; };
		0660707F1E2682480013BDEA /* Helper.swift in Sources */ = {isa = PBXBuildFile; fileRef = 0660707E1E2682480013BDEA /* Helper.swift */; };
		066070811E2703480013BDEA /* Array2D.swift in Sources */ = {isa = PBXBuildFile; fileRef = 066070801E2703480013BDEA /* Array2D.swift */; };
		066070831E2709000013BDEA /* Level.swift in Sources */ = {isa = PBXBuildFile; fileRef = 066070821E2709000013BDEA /* Level.swift */; };
		066070851E27563E0013BDEA /* Tile.swift in Sources */ = {isa = PBXBuildFile; fileRef = 066070841E27563E0013BDEA /* Tile.swift */; };
		06A673821E2E5237000BE886 /* MenuScene.swift in Sources */ = {isa = PBXBuildFile; fileRef = 06A673811E2E5237000BE886 /* MenuScene.swift */; };
		63246AC61E890645F6A96008 /* libPods-game_beaver_damm.a in Frameworks */ = {isa = PBXBuildFile; fileRef = F74B0A509F5BE209438D11D2 /* libPods-game_beaver_damm.a */; };
/* End PBXBuildFile section */

/* Begin PBXFileReference section */
		066070541E2668E00013BDEA /* game_beaver_damm.app */ = {isa = PBXFileReference; explicitFileType = wrapper.application; includeInIndex = 0; path = game_beaver_damm.app; sourceTree = BUILT_PRODUCTS_DIR; };
		066070571E2668E00013BDEA /* AppDelegate.swift */ = {isa = PBXFileReference; lastKnownFileType = sourcecode.swift; path = AppDelegate.swift; sourceTree = "<group>"; };
		0660705D1E2668E00013BDEA /* GameScene.swift */ = {isa = PBXFileReference; lastKnownFileType = sourcecode.swift; path = GameScene.swift; sourceTree = "<group>"; };
		0660705F1E2668E00013BDEA /* GameViewController.swift */ = {isa = PBXFileReference; lastKnownFileType = sourcecode.swift; path = GameViewController.swift; sourceTree = "<group>"; };
		066070621E2668E00013BDEA /* Base */ = {isa = PBXFileReference; lastKnownFileType = file.storyboard; name = Base; path = Base.lproj/Main.storyboard; sourceTree = "<group>"; };
		066070641E2668E00013BDEA /* Assets.xcassets */ = {isa = PBXFileReference; lastKnownFileType = folder.assetcatalog; path = Assets.xcassets; sourceTree = "<group>"; };
		066070671E2668E00013BDEA /* Base */ = {isa = PBXFileReference; lastKnownFileType = file.storyboard; name = Base; path = Base.lproj/LaunchScreen.storyboard; sourceTree = "<group>"; };
		066070691E2668E00013BDEA /* Info.plist */ = {isa = PBXFileReference; lastKnownFileType = text.plist.xml; path = Info.plist; sourceTree = "<group>"; };
		066070701E2670D60013BDEA /* Player.swift */ = {isa = PBXFileReference; fileEncoding = 4; lastKnownFileType = sourcecode.swift; path = Player.swift; sourceTree = "<group>"; };
		066070741E26710B0013BDEA /* Block.swift */ = {isa = PBXFileReference; fileEncoding = 4; lastKnownFileType = sourcecode.swift; path = Block.swift; sourceTree = "<group>"; };
		066070781E2672900013BDEA /* Enemy.swift */ = {isa = PBXFileReference; fileEncoding = 4; lastKnownFileType = sourcecode.swift; path = Enemy.swift; sourceTree = "<group>"; };
		0660707A1E2672B10013BDEA /* Monster.swift */ = {isa = PBXFileReference; fileEncoding = 4; lastKnownFileType = sourcecode.swift; path = Monster.swift; sourceTree = "<group>"; };
		0660707C1E2677180013BDEA /* Object.swift */ = {isa = PBXFileReference; fileEncoding = 4; lastKnownFileType = sourcecode.swift; path = Object.swift; sourceTree = "<group>"; };
		0660707E1E2682480013BDEA /* Helper.swift */ = {isa = PBXFileReference; fileEncoding = 4; lastKnownFileType = sourcecode.swift; path = Helper.swift; sourceTree = "<group>"; };
		066070801E2703480013BDEA /* Array2D.swift */ = {isa = PBXFileReference; fileEncoding = 4; lastKnownFileType = sourcecode.swift; path = Array2D.swift; sourceTree = "<group>"; };
		066070821E2709000013BDEA /* Level.swift */ = {isa = PBXFileReference; fileEncoding = 4; lastKnownFileType = sourcecode.swift; path = Level.swift; sourceTree = "<group>"; };
		066070841E27563E0013BDEA /* Tile.swift */ = {isa = PBXFileReference; fileEncoding = 4; lastKnownFileType = sourcecode.swift; path = Tile.swift; sourceTree = "<group>"; };
		06A673811E2E5237000BE886 /* MenuScene.swift */ = {isa = PBXFileReference; fileEncoding = 4; lastKnownFileType = sourcecode.swift; path = MenuScene.swift; sourceTree = "<group>"; };
		BB3E047510C0007390D6C6AE /* Pods-game_beaver_damm.release.xcconfig */ = {isa = PBXFileReference; includeInIndex = 1; lastKnownFileType = text.xcconfig; name = "Pods-game_beaver_damm.release.xcconfig"; path = "Pods/Target Support Files/Pods-game_beaver_damm/Pods-game_beaver_damm.release.xcconfig"; sourceTree = "<group>"; };
		DDB65FDD0424438498AB0A63 /* Pods-game_beaver_damm.debug.xcconfig */ = {isa = PBXFileReference; includeInIndex = 1; lastKnownFileType = text.xcconfig; name = "Pods-game_beaver_damm.debug.xcconfig"; path = "Pods/Target Support Files/Pods-game_beaver_damm/Pods-game_beaver_damm.debug.xcconfig"; sourceTree = "<group>"; };
		F74B0A509F5BE209438D11D2 /* libPods-game_beaver_damm.a */ = {isa = PBXFileReference; explicitFileType = archive.ar; includeInIndex = 0; path = "libPods-game_beaver_damm.a"; sourceTree = BUILT_PRODUCTS_DIR; };
/* End PBXFileReference section */

/* Begin PBXFrameworksBuildPhase section */
		066070511E2668E00013BDEA /* Frameworks */ = {
			isa = PBXFrameworksBuildPhase;
			buildActionMask = 2147483647;
			files = (
				63246AC61E890645F6A96008 /* libPods-game_beaver_damm.a in Frameworks */,
			);
			runOnlyForDeploymentPostprocessing = 0;
		};
/* End PBXFrameworksBuildPhase section */

/* Begin PBXGroup section */
		0660704B1E2668E00013BDEA = {
			isa = PBXGroup;
			children = (
				066070561E2668E00013BDEA /* game_beaver_damm */,
				066070551E2668E00013BDEA /* Products */,
				144E968C398DF36E07AAD7B4 /* Pods */,
				473CA33E3D227B638CAE40AF /* Frameworks */,
			);
			sourceTree = "<group>";
		};
		066070551E2668E00013BDEA /* Products */ = {
			isa = PBXGroup;
			children = (
				066070541E2668E00013BDEA /* game_beaver_damm.app */,
			);
			name = Products;
			sourceTree = "<group>";
		};
		066070561E2668E00013BDEA /* game_beaver_damm */ = {
			isa = PBXGroup;
			children = (
				06A6737E1E2E51FC000BE886 /* Scene */,
				0660706F1E2670A70013BDEA /* Entity */,
				0660705F1E2668E00013BDEA /* GameViewController.swift */,
				066070571E2668E00013BDEA /* AppDelegate.swift */,
				066070611E2668E00013BDEA /* Main.storyboard */,
				066070641E2668E00013BDEA /* Assets.xcassets */,
				066070661E2668E00013BDEA /* LaunchScreen.storyboard */,
				066070691E2668E00013BDEA /* Info.plist */,
			);
			path = game_beaver_damm;
			sourceTree = "<group>";
		};
		0660706F1E2670A70013BDEA /* Entity */ = {
			isa = PBXGroup;
			children = (
				0660707C1E2677180013BDEA /* Object.swift */,
				0660707A1E2672B10013BDEA /* Monster.swift */,
				066070701E2670D60013BDEA /* Player.swift */,
				066070781E2672900013BDEA /* Enemy.swift */,
				066070741E26710B0013BDEA /* Block.swift */,
				066070801E2703480013BDEA /* Array2D.swift */,
				066070821E2709000013BDEA /* Level.swift */,
				066070841E27563E0013BDEA /* Tile.swift */,
				0660707E1E2682480013BDEA /* Helper.swift */,
			);
			name = Entity;
			sourceTree = "<group>";
		};
		06A6737E1E2E51FC000BE886 /* Scene */ = {
			isa = PBXGroup;
			children = (
				06A673811E2E5237000BE886 /* MenuScene.swift */,
				0660705D1E2668E00013BDEA /* GameScene.swift */,
			);
			name = Scene;
			sourceTree = "<group>";
		};
		144E968C398DF36E07AAD7B4 /* Pods */ = {
			isa = PBXGroup;
			children = (
				DDB65FDD0424438498AB0A63 /* Pods-game_beaver_damm.debug.xcconfig */,
				BB3E047510C0007390D6C6AE /* Pods-game_beaver_damm.release.xcconfig */,
			);
			name = Pods;
			sourceTree = "<group>";
		};
		473CA33E3D227B638CAE40AF /* Frameworks */ = {
			isa = PBXGroup;
			children = (
				F74B0A509F5BE209438D11D2 /* libPods-game_beaver_damm.a */,
			);
			name = Frameworks;
			sourceTree = "<group>";
		};
/* End PBXGroup section */

/* Begin PBXNativeTarget section */
		066070531E2668E00013BDEA /* game_beaver_damm */ = {
			isa = PBXNativeTarget;
			buildConfigurationList = 0660706C1E2668E00013BDEA /* Build configuration list for PBXNativeTarget "game_beaver_damm" */;
			buildPhases = (
				669EB6F82EF0B6F55BB8F781 /* [CP] Check Pods Manifest.lock */,
				066070501E2668E00013BDEA /* Sources */,
				066070511E2668E00013BDEA /* Frameworks */,
				066070521E2668E00013BDEA /* Resources */,
				DB86D1C1A8C52AB49C4526D9 /* [CP] Embed Pods Frameworks */,
				DE35AEC72683629F77A79A53 /* [CP] Copy Pods Resources */,
			);
			buildRules = (
			);
			dependencies = (
			);
			name = game_beaver_damm;
			productName = game_beaver_damm;
			productReference = 066070541E2668E00013BDEA /* game_beaver_damm.app */;
			productType = "com.apple.product-type.application";
		};
/* End PBXNativeTarget section */

/* Begin PBXProject section */
		0660704C1E2668E00013BDEA /* Project object */ = {
			isa = PBXProject;
			attributes = {
				LastSwiftUpdateCheck = 0820;
				LastUpgradeCheck = 0820;
				ORGANIZATIONNAME = "Minh Nguyen";
				TargetAttributes = {
					066070531E2668E00013BDEA = {
						CreatedOnToolsVersion = 8.2.1;
						DevelopmentTeam = YC3AJY823Z;
						ProvisioningStyle = Automatic;
					};
				};
			};
			buildConfigurationList = 0660704F1E2668E00013BDEA /* Build configuration list for PBXProject "game_beaver_damm" */;
			compatibilityVersion = "Xcode 3.2";
			developmentRegion = English;
			hasScannedForEncodings = 0;
			knownRegions = (
				en,
				Base,
			);
			mainGroup = 0660704B1E2668E00013BDEA;
			productRefGroup = 066070551E2668E00013BDEA /* Products */;
			projectDirPath = "";
			projectRoot = "";
			targets = (
				066070531E2668E00013BDEA /* game_beaver_damm */,
			);
		};
/* End PBXProject section */

/* Begin PBXResourcesBuildPhase section */
		066070521E2668E00013BDEA /* Resources */ = {
			isa = PBXResourcesBuildPhase;
			buildActionMask = 2147483647;
			files = (
				066070631E2668E00013BDEA /* Main.storyboard in Resources */,
				066070651E2668E00013BDEA /* Assets.xcassets in Resources */,
				066070681E2668E00013BDEA /* LaunchScreen.storyboard in Resources */,
			);
			runOnlyForDeploymentPostprocessing = 0;
		};
/* End PBXResourcesBuildPhase section */

/* Begin PBXShellScriptBuildPhase section */
		669EB6F82EF0B6F55BB8F781 /* [CP] Check Pods Manifest.lock */ = {
			isa = PBXShellScriptBuildPhase;
			buildActionMask = 2147483647;
			files = (
			);
			inputPaths = (
			);
			name = "[CP] Check Pods Manifest.lock";
			outputPaths = (
			);
			runOnlyForDeploymentPostprocessing = 0;
			shellPath = /bin/sh;
			shellScript = "diff \"${PODS_ROOT}/../Podfile.lock\" \"${PODS_ROOT}/Manifest.lock\" > /dev/null\nif [ $? != 0 ] ; then\n    # print error to STDERR\n    echo \"error: The sandbox is not in sync with the Podfile.lock. Run 'pod install' or update your CocoaPods installation.\" >&2\n    exit 1\nfi\n";
			showEnvVarsInLog = 0;
		};
		DB86D1C1A8C52AB49C4526D9 /* [CP] Embed Pods Frameworks */ = {
			isa = PBXShellScriptBuildPhase;
			buildActionMask = 2147483647;
			files = (
			);
			inputPaths = (
			);
			name = "[CP] Embed Pods Frameworks";
			outputPaths = (
			);
			runOnlyForDeploymentPostprocessing = 0;
			shellPath = /bin/sh;
			shellScript = "\"${SRCROOT}/Pods/Target Support Files/Pods-game_beaver_damm/Pods-game_beaver_damm-frameworks.sh\"\n";
			showEnvVarsInLog = 0;
		};
		DE35AEC72683629F77A79A53 /* [CP] Copy Pods Resources */ = {
			isa = PBXShellScriptBuildPhase;
			buildActionMask = 2147483647;
			files = (
			);
			inputPaths = (
			);
			name = "[CP] Copy Pods Resources";
			outputPaths = (
			);
			runOnlyForDeploymentPostprocessing = 0;
			shellPath = /bin/sh;
			shellScript = "\"${SRCROOT}/Pods/Target Support Files/Pods-game_beaver_damm/Pods-game_beaver_damm-resources.sh\"\n";
			showEnvVarsInLog = 0;
		};
/* End PBXShellScriptBuildPhase section */

/* Begin PBXSourcesBuildPhase section */
		066070501E2668E00013BDEA /* Sources */ = {
			isa = PBXSourcesBuildPhase;
			buildActionMask = 2147483647;
			files = (
				066070711E2670D60013BDEA /* Player.swift in Sources */,
				066070851E27563E0013BDEA /* Tile.swift in Sources */,
				066070831E2709000013BDEA /* Level.swift in Sources */,
				0660707B1E2672B10013BDEA /* Monster.swift in Sources */,
				0660705E1E2668E00013BDEA /* GameScene.swift in Sources */,
				066070751E26710B0013BDEA /* Block.swift in Sources */,
				06A673821E2E5237000BE886 /* MenuScene.swift in Sources */,
				0660707D1E2677180013BDEA /* Object.swift in Sources */,
				0660707F1E2682480013BDEA /* Helper.swift in Sources */,
				066070601E2668E00013BDEA /* GameViewController.swift in Sources */,
				066070791E2672900013BDEA /* Enemy.swift in Sources */,
				066070581E2668E00013BDEA /* AppDelegate.swift in Sources */,
				066070811E2703480013BDEA /* Array2D.swift in Sources */,
			);
			runOnlyForDeploymentPostprocessing = 0;
		};
/* End PBXSourcesBuildPhase section */

/* Begin PBXVariantGroup section */
		066070611E2668E00013BDEA /* Main.storyboard */ = {
			isa = PBXVariantGroup;
			children = (
				066070621E2668E00013BDEA /* Base */,
			);
			name = Main.storyboard;
			sourceTree = "<group>";
		};
		066070661E2668E00013BDEA /* LaunchScreen.storyboard */ = {
			isa = PBXVariantGroup;
			children = (
				066070671E2668E00013BDEA /* Base */,
			);
			name = LaunchScreen.storyboard;
			sourceTree = "<group>";
		};
/* End PBXVariantGroup section */

/* Begin XCBuildConfiguration section */
		0660706A1E2668E00013BDEA /* Debug */ = {
			isa = XCBuildConfiguration;
			buildSettings = {
				ALWAYS_SEARCH_USER_PATHS = NO;
				CLANG_ANALYZER_NONNULL = YES;
				CLANG_CXX_LANGUAGE_STANDARD = "gnu++0x";
				CLANG_CXX_LIBRARY = "libc++";
				CLANG_ENABLE_MODULES = YES;
				CLANG_ENABLE_OBJC_ARC = YES;
				CLANG_WARN_BOOL_CONVERSION = YES;
				CLANG_WARN_CONSTANT_CONVERSION = YES;
				CLANG_WARN_DIRECT_OBJC_ISA_USAGE = YES_ERROR;
				CLANG_WARN_DOCUMENTATION_COMMENTS = YES;
				CLANG_WARN_EMPTY_BODY = YES;
				CLANG_WARN_ENUM_CONVERSION = YES;
				CLANG_WARN_INFINITE_RECURSION = YES;
				CLANG_WARN_INT_CONVERSION = YES;
				CLANG_WARN_OBJC_ROOT_CLASS = YES_ERROR;
				CLANG_WARN_SUSPICIOUS_MOVE = YES;
				CLANG_WARN_UNREACHABLE_CODE = YES;
				CLANG_WARN__DUPLICATE_METHOD_MATCH = YES;
				"CODE_SIGN_IDENTITY[sdk=iphoneos*]" = "iPhone Developer";
				COPY_PHASE_STRIP = NO;
				DEBUG_INFORMATION_FORMAT = dwarf;
				ENABLE_STRICT_OBJC_MSGSEND = YES;
				ENABLE_TESTABILITY = YES;
				GCC_C_LANGUAGE_STANDARD = gnu99;
				GCC_DYNAMIC_NO_PIC = NO;
				GCC_NO_COMMON_BLOCKS = YES;
				GCC_OPTIMIZATION_LEVEL = 0;
				GCC_PREPROCESSOR_DEFINITIONS = (
					"DEBUG=1",
					"$(inherited)",
				);
				GCC_WARN_64_TO_32_BIT_CONVERSION = YES;
				GCC_WARN_ABOUT_RETURN_TYPE = YES_ERROR;
				GCC_WARN_UNDECLARED_SELECTOR = YES;
				GCC_WARN_UNINITIALIZED_AUTOS = YES_AGGRESSIVE;
				GCC_WARN_UNUSED_FUNCTION = YES;
				GCC_WARN_UNUSED_VARIABLE = YES;
				IPHONEOS_DEPLOYMENT_TARGET = 8.1;
				MTL_ENABLE_DEBUG_INFO = YES;
				ONLY_ACTIVE_ARCH = YES;
				SDKROOT = iphoneos;
				SWIFT_ACTIVE_COMPILATION_CONDITIONS = DEBUG;
				SWIFT_OPTIMIZATION_LEVEL = "-Onone";
				TARGETED_DEVICE_FAMILY = "1,2";
			};
			name = Debug;
		};
		0660706B1E2668E00013BDEA /* Release */ = {
			isa = XCBuildConfiguration;
			buildSettings = {
				ALWAYS_SEARCH_USER_PATHS = NO;
				CLANG_ANALYZER_NONNULL = YES;
				CLANG_CXX_LANGUAGE_STANDARD = "gnu++0x";
				CLANG_CXX_LIBRARY = "libc++";
				CLANG_ENABLE_MODULES = YES;
				CLANG_ENABLE_OBJC_ARC = YES;
				CLANG_WARN_BOOL_CONVERSION = YES;
				CLANG_WARN_CONSTANT_CONVERSION = YES;
				CLANG_WARN_DIRECT_OBJC_ISA_USAGE = YES_ERROR;
				CLANG_WARN_DOCUMENTATION_COMMENTS = YES;
				CLANG_WARN_EMPTY_BODY = YES;
				CLANG_WARN_ENUM_CONVERSION = YES;
				CLANG_WARN_INFINITE_RECURSION = YES;
				CLANG_WARN_INT_CONVERSION = YES;
				CLANG_WARN_OBJC_ROOT_CLASS = YES_ERROR;
				CLANG_WARN_SUSPICIOUS_MOVE = YES;
				CLANG_WARN_UNREACHABLE_CODE = YES;
				CLANG_WARN__DUPLICATE_METHOD_MATCH = YES;
				"CODE_SIGN_IDENTITY[sdk=iphoneos*]" = "iPhone Developer";
				COPY_PHASE_STRIP = NO;
				DEBUG_INFORMATION_FORMAT = "dwarf-with-dsym";
				ENABLE_NS_ASSERTIONS = NO;
				ENABLE_STRICT_OBJC_MSGSEND = YES;
				GCC_C_LANGUAGE_STANDARD = gnu99;
				GCC_NO_COMMON_BLOCKS = YES;
				GCC_WARN_64_TO_32_BIT_CONVERSION = YES;
				GCC_WARN_ABOUT_RETURN_TYPE = YES_ERROR;
				GCC_WARN_UNDECLARED_SELECTOR = YES;
				GCC_WARN_UNINITIALIZED_AUTOS = YES_AGGRESSIVE;
				GCC_WARN_UNUSED_FUNCTION = YES;
				GCC_WARN_UNUSED_VARIABLE = YES;
				IPHONEOS_DEPLOYMENT_TARGET = 8.1;
				MTL_ENABLE_DEBUG_INFO = NO;
				SDKROOT = iphoneos;
				SWIFT_OPTIMIZATION_LEVEL = "-Owholemodule";
				TARGETED_DEVICE_FAMILY = "1,2";
				VALIDATE_PRODUCT = YES;
			};
			name = Release;
		};
		0660706D1E2668E00013BDEA /* Debug */ = {
			isa = XCBuildConfiguration;
			baseConfigurationReference = DDB65FDD0424438498AB0A63 /* Pods-game_beaver_damm.debug.xcconfig */;
			buildSettings = {
				ASSETCATALOG_COMPILER_APPICON_NAME = AppIcon;
				DEVELOPMENT_TEAM = YC3AJY823Z;
				INFOPLIST_FILE = game_beaver_damm/Info.plist;
				IPHONEOS_DEPLOYMENT_TARGET = 8.1;
				LD_RUNPATH_SEARCH_PATHS = "$(inherited) @executable_path/Frameworks";
				PRODUCT_BUNDLE_IDENTIFIER = "com.minhnguyen.game-beaver-damm";
				PRODUCT_NAME = "$(TARGET_NAME)";
				SWIFT_VERSION = 3.0;
				TARGETED_DEVICE_FAMILY = "1,2";
			};
			name = Debug;
		};
		0660706E1E2668E00013BDEA /* Release */ = {
			isa = XCBuildConfiguration;
			baseConfigurationReference = BB3E047510C0007390D6C6AE /* Pods-game_beaver_damm.release.xcconfig */;
			buildSettings = {
				ASSETCATALOG_COMPILER_APPICON_NAME = AppIcon;
				DEVELOPMENT_TEAM = YC3AJY823Z;
				INFOPLIST_FILE = game_beaver_damm/Info.plist;
				IPHONEOS_DEPLOYMENT_TARGET = 8.1;
				LD_RUNPATH_SEARCH_PATHS = "$(inherited) @executable_path/Frameworks";
				PRODUCT_BUNDLE_IDENTIFIER = "com.minhnguyen.game-beaver-damm";
				PRODUCT_NAME = "$(TARGET_NAME)";
				SWIFT_VERSION = 3.0;
				TARGETED_DEVICE_FAMILY = "1,2";
			};
			name = Release;
		};
/* End XCBuildConfiguration section */

/* Begin XCConfigurationList section */
		0660704F1E2668E00013BDEA /* Build configuration list for PBXProject "game_beaver_damm" */ = {
			isa = XCConfigurationList;
			buildConfigurations = (
				0660706A1E2668E00013BDEA /* Debug */,
				0660706B1E2668E00013BDEA /* Release */,
			);
			defaultConfigurationIsVisible = 0;
			defaultConfigurationName = Release;
		};
		0660706C1E2668E00013BDEA /* Build configuration list for PBXNativeTarget "game_beaver_damm" */ = {
			isa = XCConfigurationList;
			buildConfigurations = (
				0660706D1E2668E00013BDEA /* Debug */,
				0660706E1E2668E00013BDEA /* Release */,
			);
			defaultConfigurationIsVisible = 0;
			defaultConfigurationName = Release;
		};
/* End XCConfigurationList section */
	};
	rootObject = 0660704C1E2668E00013BDEA /* Project object */;
}
